PODS:
  - AFNetworking (2.6.3):
    - AFNetworking/NSURLConnection (= 2.6.3)
    - AFNetworking/NSURLSession (= 2.6.3)
    - AFNetworking/Reachability (= 2.6.3)
    - AFNetworking/Security (= 2.6.3)
    - AFNetworking/Serialization (= 2.6.3)
    - AFNetworking/UIKit (= 2.6.3)
  - AFNetworking/NSURLConnection (2.6.3):
    - AFNetworking/Reachability
    - AFNetworking/Security
    - AFNetworking/Serialization
  - AFNetworking/NSURLSession (2.6.3):
    - AFNetworking/Reachability
    - AFNetworking/Security
    - AFNetworking/Serialization
  - AFNetworking/Reachability (2.6.3)
  - AFNetworking/Security (2.6.3)
  - AFNetworking/Serialization (2.6.3)
  - AGAudioPlayer (0.8.0):
    - HysteriaPlayer
  - CMEqualizerIndicatorView (1.1)
  - EDStarRating (1.1)
  - HysteriaPlayer (HEAD based on 2.1.4)
  - JSONModel (1.1.2)
  - Masonry (0.6.3)
  - ObjectiveSugar (1.1.0)
  - SPMediaKeyTap (0.1.2)

DEPENDENCIES:
  - AFNetworking
  - AGAudioPlayer (from `../AGAudioPlayer`)
  - CMEqualizerIndicatorView (~> 1.0)
  - EDStarRating
  - HysteriaPlayer (HEAD)
  - JSONModel
  - Masonry
  - ObjectiveSugar
  - SPMediaKeyTap (from `https://github.com/Coppertino/SPMediaKeyTap.git`)

EXTERNAL SOURCES:
  AGAudioPlayer:
    :path: ../AGAudioPlayer
  SPMediaKeyTap:
    :git: https://github.com/Coppertino/SPMediaKeyTap.git

CHECKOUT OPTIONS:
  SPMediaKeyTap:
    :commit: 04608dd46d8f63b1e251b30a96753e7c22705e23
    :git: https://github.com/Coppertino/SPMediaKeyTap.git

SPEC CHECKSUMS:
  AFNetworking: cb8d14a848e831097108418f5d49217339d4eb60
  AGAudioPlayer: 356be857859b28e293f3cb4ecf493f42aa2cfba5
  CMEqualizerIndicatorView: 725da53db32e4014cdbe740f1c4f49241a7edcef
  EDStarRating: a41a6440a945020745d0e9ff8ada7d1afa952114
  HysteriaPlayer: 81433239fa79ca7c446ccb994d91d34eaa533ab3
  JSONModel: 216584d0311b053ff714f1d6cb700dbf890847bc
  Masonry: ff105a956abcd19a618b2028b121cb638d7a8e2f
  ObjectiveSugar: a6a25f23d657c19df0a0b972466d5b5ca9f5295c
  SPMediaKeyTap: cb0637667c5ccae7ba41bc7c72404bd83318abac

COCOAPODS: 0.39.0
