// !$*UTF8*$!
{
	archiveVersion = 1;
	classes = {
	};
	objectVersion = 46;
	objects = {

/* Begin PBXBuildFile section */
		411A37424D50DD681B23D334 /* libPods-Relisten.a in Frameworks */ = {isa = PBXBuildFile; fileRef = 99023D004ACB7302E2D053DB /* libPods-Relisten.a */; };
		C108359F1BD092D500A22755 /* star2.png in Resources */ = {isa = PBXBuildFile; fileRef = C108359E1BD092D500A22755 /* star2.png */; };
		C10835A11BD094D400A22755 /* star3.png in Resources */ = {isa = PBXBuildFile; fileRef = C10835A01BD094D400A22755 /* star3.png */; };
		C116DFB01BB09EEE006A9F6C /* AppDelegate.m in Sources */ = {isa = PBXBuildFile; fileRef = C116DFAF1BB09EEE006A9F6C /* AppDelegate.m */; };
		C116DFB31BB09EEE006A9F6C /* main.m in Sources */ = {isa = PBXBuildFile; fileRef = C116DFB21BB09EEE006A9F6C /* main.m */; };
		C116DFB51BB09EEE006A9F6C /* Assets.xcassets in Resources */ = {isa = PBXBuildFile; fileRef = C116DFB41BB09EEE006A9F6C /* Assets.xcassets */; };
		C116DFB81BB09EEE006A9F6C /* MainMenu.xib in Resources */ = {isa = PBXBuildFile; fileRef = C116DFB61BB09EEE006A9F6C /* MainMenu.xib */; };
		C11B1C8D1BDF6FFD001851DE /* IguanaMediaItem.m in Sources */ = {isa = PBXBuildFile; fileRef = C11B1C8C1BDF6FFD001851DE /* IguanaMediaItem.m */; };
		C11B1CA81BE68C35001851DE /* RLShowReviewsViewController.m in Sources */ = {isa = PBXBuildFile; fileRef = C11B1CA61BE68C35001851DE /* RLShowReviewsViewController.m */; };
		C11B1CA91BE68C35001851DE /* RLShowReviewsViewController.xib in Resources */ = {isa = PBXBuildFile; fileRef = C11B1CA71BE68C35001851DE /* RLShowReviewsViewController.xib */; };
		C11DC32F1BF1331E007152D6 /* RLPlaybackQueueViewController.m in Sources */ = {isa = PBXBuildFile; fileRef = C11DC32D1BF1331E007152D6 /* RLPlaybackQueueViewController.m */; };
		C11DC3301BF1331E007152D6 /* RLPlaybackQueueViewController.xib in Resources */ = {isa = PBXBuildFile; fileRef = C11DC32E1BF1331E007152D6 /* RLPlaybackQueueViewController.xib */; };
		C11DC3331BF14066007152D6 /* RLPlaybackQueueCellView.m in Sources */ = {isa = PBXBuildFile; fileRef = C11DC3321BF14066007152D6 /* RLPlaybackQueueCellView.m */; };
		C11FA5181BD2194000C4FDEE /* RLAudioPlaybackViewController.m in Sources */ = {isa = PBXBuildFile; fileRef = C11FA5161BD2194000C4FDEE /* RLAudioPlaybackViewController.m */; };
		C11FA5191BD2194000C4FDEE /* RLAudioPlaybackViewController.xib in Resources */ = {isa = PBXBuildFile; fileRef = C11FA5171BD2194000C4FDEE /* RLAudioPlaybackViewController.xib */; };
		C15B8A201BBC5B3B00CB2F92 /* RLTrackTableCellView.m in Sources */ = {isa = PBXBuildFile; fileRef = C15B8A1F1BBC5B3B00CB2F92 /* RLTrackTableCellView.m */; };
		C171E8F91BF59A83003B12EB /* RLArtistsViewController.m in Sources */ = {isa = PBXBuildFile; fileRef = C171E8F71BF59A83003B12EB /* RLArtistsViewController.m */; };
		C171E8FA1BF59A83003B12EB /* RLArtistsViewController.xib in Resources */ = {isa = PBXBuildFile; fileRef = C171E8F81BF59A83003B12EB /* RLArtistsViewController.xib */; };
		C171E8FD1BF59E35003B12EB /* RLArtistTableCellView.m in Sources */ = {isa = PBXBuildFile; fileRef = C171E8FC1BF59E35003B12EB /* RLArtistTableCellView.m */; };
		C171E9001BF5BF6E003B12EB /* RLTableRowView.m in Sources */ = {isa = PBXBuildFile; fileRef = C171E8FF1BF5BF6E003B12EB /* RLTableRowView.m */; };
		C187C67F1BB4FA7600F1778C /* RLYearTableCellView.m in Sources */ = {isa = PBXBuildFile; fileRef = C187C67E1BB4FA7600F1778C /* RLYearTableCellView.m */; };
		C187C6821BB5050400F1778C /* RLTableView.m in Sources */ = {isa = PBXBuildFile; fileRef = C187C6811BB5050400F1778C /* RLTableView.m */; };
		C187C68D1BB735C100F1778C /* RLShowsViewController.m in Sources */ = {isa = PBXBuildFile; fileRef = C187C68B1BB735C100F1778C /* RLShowsViewController.m */; };
		C187C68E1BB735C100F1778C /* RLShowsViewController.xib in Resources */ = {isa = PBXBuildFile; fileRef = C187C68C1BB735C100F1778C /* RLShowsViewController.xib */; };
		C187C6911BB739BF00F1778C /* RLShowTableViewCell.m in Sources */ = {isa = PBXBuildFile; fileRef = C187C6901BB739BF00F1778C /* RLShowTableViewCell.m */; };
		C187C6951BB759D900F1778C /* star.png in Resources */ = {isa = PBXBuildFile; fileRef = C187C6931BB759D900F1778C /* star.png */; };
		C187C6961BB759D900F1778C /* starhighlighted.png in Resources */ = {isa = PBXBuildFile; fileRef = C187C6941BB759D900F1778C /* starhighlighted.png */; };
		C18AEA951BB4945F00A6D182 /* RLMainWindowController.m in Sources */ = {isa = PBXBuildFile; fileRef = C18AEA931BB4945F00A6D182 /* RLMainWindowController.m */; };
		C18AEA961BB4945F00A6D182 /* RLMainWindowController.xib in Resources */ = {isa = PBXBuildFile; fileRef = C18AEA941BB4945F00A6D182 /* RLMainWindowController.xib */; };
		C18AEABF1BB4A7F600A6D182 /* IGArtist.m in Sources */ = {isa = PBXBuildFile; fileRef = C18AEAAE1BB4A7F600A6D182 /* IGArtist.m */; };
		C18AEAC01BB4A7F600A6D182 /* IGPlaylist.m in Sources */ = {isa = PBXBuildFile; fileRef = C18AEAB01BB4A7F600A6D182 /* IGPlaylist.m */; };
		C18AEAC11BB4A7F600A6D182 /* IGShow.m in Sources */ = {isa = PBXBuildFile; fileRef = C18AEAB21BB4A7F600A6D182 /* IGShow.m */; };
		C18AEAC21BB4A7F600A6D182 /* IGShowReview.m in Sources */ = {isa = PBXBuildFile; fileRef = C18AEAB41BB4A7F600A6D182 /* IGShowReview.m */; };
		C18AEAC31BB4A7F600A6D182 /* IGTrack.m in Sources */ = {isa = PBXBuildFile; fileRef = C18AEAB61BB4A7F600A6D182 /* IGTrack.m */; };
		C18AEAC61BB4A7F600A6D182 /* IGVenue.m in Sources */ = {isa = PBXBuildFile; fileRef = C18AEABC1BB4A7F600A6D182 /* IGVenue.m */; };
		C18AEAC71BB4A7F600A6D182 /* IGYear.m in Sources */ = {isa = PBXBuildFile; fileRef = C18AEABE1BB4A7F600A6D182 /* IGYear.m */; };
		C18AEACA1BB4AFB800A6D182 /* IGAPIClient.m in Sources */ = {isa = PBXBuildFile; fileRef = C18AEAC91BB4AFB800A6D182 /* IGAPIClient.m */; };
		C18AEACD1BB4AFEC00A6D182 /* JSONValueTransformer+NSDateFromNSStringMilliseconds.m in Sources */ = {isa = PBXBuildFile; fileRef = C18AEACC1BB4AFEC00A6D182 /* JSONValueTransformer+NSDateFromNSStringMilliseconds.m */; };
		C18AEAD61BB4E6BB00A6D182 /* RLSplitView.m in Sources */ = {isa = PBXBuildFile; fileRef = C18AEAD51BB4E6BB00A6D182 /* RLSplitView.m */; };
		C18AEAE01BB4EB2100A6D182 /* RLYearsVenuesTopShowsViewController.m in Sources */ = {isa = PBXBuildFile; fileRef = C18AEADE1BB4EB2100A6D182 /* RLYearsVenuesTopShowsViewController.m */; };
		C18AEAE11BB4EB2100A6D182 /* RLYearsVenuesTopShowsViewController.xib in Resources */ = {isa = PBXBuildFile; fileRef = C18AEADF1BB4EB2100A6D182 /* RLYearsVenuesTopShowsViewController.xib */; };
		C1C6F95C1BE6A22600EDF168 /* RLShowReviewCellView.m in Sources */ = {isa = PBXBuildFile; fileRef = C1C6F95B1BE6A22600EDF168 /* RLShowReviewCellView.m */; };
		C1E4518E1BBA803B003A0721 /* RLSourceAndTracksViewController.m in Sources */ = {isa = PBXBuildFile; fileRef = C1E4518C1BBA803B003A0721 /* RLSourceAndTracksViewController.m */; };
		C1E4518F1BBA803B003A0721 /* RLSourceAndTracksViewController.xib in Resources */ = {isa = PBXBuildFile; fileRef = C1E4518D1BBA803B003A0721 /* RLSourceAndTracksViewController.xib */; };
/* End PBXBuildFile section */

/* Begin PBXFileReference section */
		2770E3F2B9EA9D6FAC108AED /* Pods-Relisten.release.xcconfig */ = {isa = PBXFileReference; includeInIndex = 1; lastKnownFileType = text.xcconfig; name = "Pods-Relisten.release.xcconfig"; path = "Pods/Target Support Files/Pods-Relisten/Pods-Relisten.release.xcconfig"; sourceTree = "<group>"; };
		478CD6AE1D5F87783189B5F0 /* Pods-Relisten.debug.xcconfig */ = {isa = PBXFileReference; includeInIndex = 1; lastKnownFileType = text.xcconfig; name = "Pods-Relisten.debug.xcconfig"; path = "Pods/Target Support Files/Pods-Relisten/Pods-Relisten.debug.xcconfig"; sourceTree = "<group>"; };
		99023D004ACB7302E2D053DB /* libPods-Relisten.a */ = {isa = PBXFileReference; explicitFileType = archive.ar; includeInIndex = 0; path = "libPods-Relisten.a"; sourceTree = BUILT_PRODUCTS_DIR; };
		C108359E1BD092D500A22755 /* star2.png */ = {isa = PBXFileReference; lastKnownFileType = image.png; path = star2.png; sourceTree = "<group>"; };
		C10835A01BD094D400A22755 /* star3.png */ = {isa = PBXFileReference; lastKnownFileType = image.png; path = star3.png; sourceTree = "<group>"; };
		C116DFAB1BB09EEE006A9F6C /* Relisten.app */ = {isa = PBXFileReference; explicitFileType = wrapper.application; includeInIndex = 0; path = Relisten.app; sourceTree = BUILT_PRODUCTS_DIR; };
		C116DFAE1BB09EEE006A9F6C /* AppDelegate.h */ = {isa = PBXFileReference; lastKnownFileType = sourcecode.c.h; path = AppDelegate.h; sourceTree = "<group>"; };
		C116DFAF1BB09EEE006A9F6C /* AppDelegate.m */ = {isa = PBXFileReference; lastKnownFileType = sourcecode.c.objc; path = AppDelegate.m; sourceTree = "<group>"; };
		C116DFB21BB09EEE006A9F6C /* main.m */ = {isa = PBXFileReference; lastKnownFileType = sourcecode.c.objc; path = main.m; sourceTree = "<group>"; };
		C116DFB41BB09EEE006A9F6C /* Assets.xcassets */ = {isa = PBXFileReference; lastKnownFileType = folder.assetcatalog; path = Assets.xcassets; sourceTree = "<group>"; };
		C116DFB71BB09EEE006A9F6C /* Base */ = {isa = PBXFileReference; lastKnownFileType = file.xib; name = Base; path = Base.lproj/MainMenu.xib; sourceTree = "<group>"; };
		C116DFB91BB09EEE006A9F6C /* Info.plist */ = {isa = PBXFileReference; lastKnownFileType = text.plist.xml; path = Info.plist; sourceTree = "<group>"; };
		C11B1C8B1BDF6FFD001851DE /* IguanaMediaItem.h */ = {isa = PBXFileReference; fileEncoding = 4; lastKnownFileType = sourcecode.c.h; path = IguanaMediaItem.h; sourceTree = "<group>"; };
		C11B1C8C1BDF6FFD001851DE /* IguanaMediaItem.m */ = {isa = PBXFileReference; fileEncoding = 4; lastKnownFileType = sourcecode.c.objc; path = IguanaMediaItem.m; sourceTree = "<group>"; };
		C11B1CA51BE68C35001851DE /* RLShowReviewsViewController.h */ = {isa = PBXFileReference; fileEncoding = 4; lastKnownFileType = sourcecode.c.h; path = RLShowReviewsViewController.h; sourceTree = "<group>"; };
		C11B1CA61BE68C35001851DE /* RLShowReviewsViewController.m */ = {isa = PBXFileReference; fileEncoding = 4; lastKnownFileType = sourcecode.c.objc; path = RLShowReviewsViewController.m; sourceTree = "<group>"; };
		C11B1CA71BE68C35001851DE /* RLShowReviewsViewController.xib */ = {isa = PBXFileReference; fileEncoding = 4; lastKnownFileType = file.xib; path = RLShowReviewsViewController.xib; sourceTree = "<group>"; };
		C11DC32C1BF1331E007152D6 /* RLPlaybackQueueViewController.h */ = {isa = PBXFileReference; fileEncoding = 4; lastKnownFileType = sourcecode.c.h; path = RLPlaybackQueueViewController.h; sourceTree = "<group>"; };
		C11DC32D1BF1331E007152D6 /* RLPlaybackQueueViewController.m */ = {isa = PBXFileReference; fileEncoding = 4; lastKnownFileType = sourcecode.c.objc; path = RLPlaybackQueueViewController.m; sourceTree = "<group>"; };
		C11DC32E1BF1331E007152D6 /* RLPlaybackQueueViewController.xib */ = {isa = PBXFileReference; fileEncoding = 4; lastKnownFileType = file.xib; path = RLPlaybackQueueViewController.xib; sourceTree = "<group>"; };
		C11DC3311BF14066007152D6 /* RLPlaybackQueueCellView.h */ = {isa = PBXFileReference; fileEncoding = 4; lastKnownFileType = sourcecode.c.h; path = RLPlaybackQueueCellView.h; sourceTree = "<group>"; };
		C11DC3321BF14066007152D6 /* RLPlaybackQueueCellView.m */ = {isa = PBXFileReference; fileEncoding = 4; lastKnownFileType = sourcecode.c.objc; path = RLPlaybackQueueCellView.m; sourceTree = "<group>"; };
		C11FA5151BD2194000C4FDEE /* RLAudioPlaybackViewController.h */ = {isa = PBXFileReference; fileEncoding = 4; lastKnownFileType = sourcecode.c.h; path = RLAudioPlaybackViewController.h; sourceTree = "<group>"; };
		C11FA5161BD2194000C4FDEE /* RLAudioPlaybackViewController.m */ = {isa = PBXFileReference; fileEncoding = 4; lastKnownFileType = sourcecode.c.objc; path = RLAudioPlaybackViewController.m; sourceTree = "<group>"; };
		C11FA5171BD2194000C4FDEE /* RLAudioPlaybackViewController.xib */ = {isa = PBXFileReference; fileEncoding = 4; lastKnownFileType = file.xib; path = RLAudioPlaybackViewController.xib; sourceTree = "<group>"; };
		C15B8A1E1BBC5B3B00CB2F92 /* RLTrackTableCellView.h */ = {isa = PBXFileReference; fileEncoding = 4; lastKnownFileType = sourcecode.c.h; path = RLTrackTableCellView.h; sourceTree = "<group>"; };
		C15B8A1F1BBC5B3B00CB2F92 /* RLTrackTableCellView.m */ = {isa = PBXFileReference; fileEncoding = 4; lastKnownFileType = sourcecode.c.objc; path = RLTrackTableCellView.m; sourceTree = "<group>"; };
		C171E8F61BF59A83003B12EB /* RLArtistsViewController.h */ = {isa = PBXFileReference; fileEncoding = 4; lastKnownFileType = sourcecode.c.h; path = RLArtistsViewController.h; sourceTree = "<group>"; };
		C171E8F71BF59A83003B12EB /* RLArtistsViewController.m */ = {isa = PBXFileReference; fileEncoding = 4; lastKnownFileType = sourcecode.c.objc; path = RLArtistsViewController.m; sourceTree = "<group>"; };
		C171E8F81BF59A83003B12EB /* RLArtistsViewController.xib */ = {isa = PBXFileReference; fileEncoding = 4; lastKnownFileType = file.xib; path = RLArtistsViewController.xib; sourceTree = "<group>"; };
		C171E8FB1BF59E35003B12EB /* RLArtistTableCellView.h */ = {isa = PBXFileReference; fileEncoding = 4; lastKnownFileType = sourcecode.c.h; path = RLArtistTableCellView.h; sourceTree = "<group>"; };
		C171E8FC1BF59E35003B12EB /* RLArtistTableCellView.m */ = {isa = PBXFileReference; fileEncoding = 4; lastKnownFileType = sourcecode.c.objc; path = RLArtistTableCellView.m; sourceTree = "<group>"; };
		C171E8FE1BF5BF6E003B12EB /* RLTableRowView.h */ = {isa = PBXFileReference; fileEncoding = 4; lastKnownFileType = sourcecode.c.h; path = RLTableRowView.h; sourceTree = "<group>"; };
		C171E8FF1BF5BF6E003B12EB /* RLTableRowView.m */ = {isa = PBXFileReference; fileEncoding = 4; lastKnownFileType = sourcecode.c.objc; path = RLTableRowView.m; sourceTree = "<group>"; };
		C187C67D1BB4FA7600F1778C /* RLYearTableCellView.h */ = {isa = PBXFileReference; fileEncoding = 4; lastKnownFileType = sourcecode.c.h; path = RLYearTableCellView.h; sourceTree = "<group>"; };
		C187C67E1BB4FA7600F1778C /* RLYearTableCellView.m */ = {isa = PBXFileReference; fileEncoding = 4; lastKnownFileType = sourcecode.c.objc; path = RLYearTableCellView.m; sourceTree = "<group>"; };
		C187C6801BB5050400F1778C /* RLTableView.h */ = {isa = PBXFileReference; fileEncoding = 4; lastKnownFileType = sourcecode.c.h; path = RLTableView.h; sourceTree = "<group>"; };
		C187C6811BB5050400F1778C /* RLTableView.m */ = {isa = PBXFileReference; fileEncoding = 4; lastKnownFileType = sourcecode.c.objc; path = RLTableView.m; sourceTree = "<group>"; };
		C187C68A1BB735C100F1778C /* RLShowsViewController.h */ = {isa = PBXFileReference; fileEncoding = 4; lastKnownFileType = sourcecode.c.h; path = RLShowsViewController.h; sourceTree = "<group>"; };
		C187C68B1BB735C100F1778C /* RLShowsViewController.m */ = {isa = PBXFileReference; fileEncoding = 4; lastKnownFileType = sourcecode.c.objc; path = RLShowsViewController.m; sourceTree = "<group>"; };
		C187C68C1BB735C100F1778C /* RLShowsViewController.xib */ = {isa = PBXFileReference; fileEncoding = 4; lastKnownFileType = file.xib; path = RLShowsViewController.xib; sourceTree = "<group>"; };
		C187C68F1BB739BF00F1778C /* RLShowTableViewCell.h */ = {isa = PBXFileReference; fileEncoding = 4; lastKnownFileType = sourcecode.c.h; path = RLShowTableViewCell.h; sourceTree = "<group>"; };
		C187C6901BB739BF00F1778C /* RLShowTableViewCell.m */ = {isa = PBXFileReference; fileEncoding = 4; lastKnownFileType = sourcecode.c.objc; path = RLShowTableViewCell.m; sourceTree = "<group>"; };
		C187C6931BB759D900F1778C /* star.png */ = {isa = PBXFileReference; lastKnownFileType = image.png; path = star.png; sourceTree = "<group>"; };
		C187C6941BB759D900F1778C /* starhighlighted.png */ = {isa = PBXFileReference; lastKnownFileType = image.png; path = starhighlighted.png; sourceTree = "<group>"; };
		C18AEA921BB4945F00A6D182 /* RLMainWindowController.h */ = {isa = PBXFileReference; fileEncoding = 4; lastKnownFileType = sourcecode.c.h; path = RLMainWindowController.h; sourceTree = "<group>"; };
		C18AEA931BB4945F00A6D182 /* RLMainWindowController.m */ = {isa = PBXFileReference; fileEncoding = 4; lastKnownFileType = sourcecode.c.objc; path = RLMainWindowController.m; sourceTree = "<group>"; };
		C18AEA941BB4945F00A6D182 /* RLMainWindowController.xib */ = {isa = PBXFileReference; fileEncoding = 4; lastKnownFileType = file.xib; path = RLMainWindowController.xib; sourceTree = "<group>"; };
		C18AEAAD1BB4A7F600A6D182 /* IGArtist.h */ = {isa = PBXFileReference; fileEncoding = 4; lastKnownFileType = sourcecode.c.h; path = IGArtist.h; sourceTree = "<group>"; };
		C18AEAAE1BB4A7F600A6D182 /* IGArtist.m */ = {isa = PBXFileReference; fileEncoding = 4; lastKnownFileType = sourcecode.c.objc; path = IGArtist.m; sourceTree = "<group>"; };
		C18AEAAF1BB4A7F600A6D182 /* IGPlaylist.h */ = {isa = PBXFileReference; fileEncoding = 4; lastKnownFileType = sourcecode.c.h; path = IGPlaylist.h; sourceTree = "<group>"; };
		C18AEAB01BB4A7F600A6D182 /* IGPlaylist.m */ = {isa = PBXFileReference; fileEncoding = 4; lastKnownFileType = sourcecode.c.objc; path = IGPlaylist.m; sourceTree = "<group>"; };
		C18AEAB11BB4A7F600A6D182 /* IGShow.h */ = {isa = PBXFileReference; fileEncoding = 4; lastKnownFileType = sourcecode.c.h; path = IGShow.h; sourceTree = "<group>"; };
		C18AEAB21BB4A7F600A6D182 /* IGShow.m */ = {isa = PBXFileReference; fileEncoding = 4; lastKnownFileType = sourcecode.c.objc; path = IGShow.m; sourceTree = "<group>"; };
		C18AEAB31BB4A7F600A6D182 /* IGShowReview.h */ = {isa = PBXFileReference; fileEncoding = 4; lastKnownFileType = sourcecode.c.h; path = IGShowReview.h; sourceTree = "<group>"; };
		C18AEAB41BB4A7F600A6D182 /* IGShowReview.m */ = {isa = PBXFileReference; fileEncoding = 4; lastKnownFileType = sourcecode.c.objc; path = IGShowReview.m; sourceTree = "<group>"; };
		C18AEAB51BB4A7F600A6D182 /* IGTrack.h */ = {isa = PBXFileReference; fileEncoding = 4; lastKnownFileType = sourcecode.c.h; path = IGTrack.h; sourceTree = "<group>"; };
		C18AEAB61BB4A7F600A6D182 /* IGTrack.m */ = {isa = PBXFileReference; fileEncoding = 4; lastKnownFileType = sourcecode.c.objc; path = IGTrack.m; sourceTree = "<group>"; };
		C18AEABB1BB4A7F600A6D182 /* IGVenue.h */ = {isa = PBXFileReference; fileEncoding = 4; lastKnownFileType = sourcecode.c.h; path = IGVenue.h; sourceTree = "<group>"; };
		C18AEABC1BB4A7F600A6D182 /* IGVenue.m */ = {isa = PBXFileReference; fileEncoding = 4; lastKnownFileType = sourcecode.c.objc; path = IGVenue.m; sourceTree = "<group>"; };
		C18AEABD1BB4A7F600A6D182 /* IGYear.h */ = {isa = PBXFileReference; fileEncoding = 4; lastKnownFileType = sourcecode.c.h; path = IGYear.h; sourceTree = "<group>"; };
		C18AEABE1BB4A7F600A6D182 /* IGYear.m */ = {isa = PBXFileReference; fileEncoding = 4; lastKnownFileType = sourcecode.c.objc; path = IGYear.m; sourceTree = "<group>"; };
		C18AEAC81BB4AFB800A6D182 /* IGAPIClient.h */ = {isa = PBXFileReference; fileEncoding = 4; lastKnownFileType = sourcecode.c.h; path = IGAPIClient.h; sourceTree = "<group>"; };
		C18AEAC91BB4AFB800A6D182 /* IGAPIClient.m */ = {isa = PBXFileReference; fileEncoding = 4; lastKnownFileType = sourcecode.c.objc; path = IGAPIClient.m; sourceTree = "<group>"; };
		C18AEACB1BB4AFEC00A6D182 /* JSONValueTransformer+NSDateFromNSStringMilliseconds.h */ = {isa = PBXFileReference; fileEncoding = 4; lastKnownFileType = sourcecode.c.h; path = "JSONValueTransformer+NSDateFromNSStringMilliseconds.h"; sourceTree = "<group>"; };
		C18AEACC1BB4AFEC00A6D182 /* JSONValueTransformer+NSDateFromNSStringMilliseconds.m */ = {isa = PBXFileReference; fileEncoding = 4; lastKnownFileType = sourcecode.c.objc; path = "JSONValueTransformer+NSDateFromNSStringMilliseconds.m"; sourceTree = "<group>"; };
		C18AEAD41BB4E6BB00A6D182 /* RLSplitView.h */ = {isa = PBXFileReference; fileEncoding = 4; lastKnownFileType = sourcecode.c.h; path = RLSplitView.h; sourceTree = "<group>"; };
		C18AEAD51BB4E6BB00A6D182 /* RLSplitView.m */ = {isa = PBXFileReference; fileEncoding = 4; lastKnownFileType = sourcecode.c.objc; path = RLSplitView.m; sourceTree = "<group>"; };
		C18AEADD1BB4EB2100A6D182 /* RLYearsVenuesTopShowsViewController.h */ = {isa = PBXFileReference; fileEncoding = 4; lastKnownFileType = sourcecode.c.h; path = RLYearsVenuesTopShowsViewController.h; sourceTree = "<group>"; };
		C18AEADE1BB4EB2100A6D182 /* RLYearsVenuesTopShowsViewController.m */ = {isa = PBXFileReference; fileEncoding = 4; lastKnownFileType = sourcecode.c.objc; path = RLYearsVenuesTopShowsViewController.m; sourceTree = "<group>"; };
		C18AEADF1BB4EB2100A6D182 /* RLYearsVenuesTopShowsViewController.xib */ = {isa = PBXFileReference; fileEncoding = 4; lastKnownFileType = file.xib; path = RLYearsVenuesTopShowsViewController.xib; sourceTree = "<group>"; };
		C1C6F95A1BE6A22600EDF168 /* RLShowReviewCellView.h */ = {isa = PBXFileReference; fileEncoding = 4; lastKnownFileType = sourcecode.c.h; path = RLShowReviewCellView.h; sourceTree = "<group>"; };
		C1C6F95B1BE6A22600EDF168 /* RLShowReviewCellView.m */ = {isa = PBXFileReference; fileEncoding = 4; lastKnownFileType = sourcecode.c.objc; path = RLShowReviewCellView.m; sourceTree = "<group>"; };
		C1E4518B1BBA803B003A0721 /* RLSourceAndTracksViewController.h */ = {isa = PBXFileReference; fileEncoding = 4; lastKnownFileType = sourcecode.c.h; path = RLSourceAndTracksViewController.h; sourceTree = "<group>"; };
		C1E4518C1BBA803B003A0721 /* RLSourceAndTracksViewController.m */ = {isa = PBXFileReference; fileEncoding = 4; lastKnownFileType = sourcecode.c.objc; path = RLSourceAndTracksViewController.m; sourceTree = "<group>"; };
		C1E4518D1BBA803B003A0721 /* RLSourceAndTracksViewController.xib */ = {isa = PBXFileReference; fileEncoding = 4; lastKnownFileType = file.xib; path = RLSourceAndTracksViewController.xib; sourceTree = "<group>"; };
/* End PBXFileReference section */

/* Begin PBXFrameworksBuildPhase section */
		C116DFA81BB09EEE006A9F6C /* Frameworks */ = {
			isa = PBXFrameworksBuildPhase;
			buildActionMask = 2147483647;
			files = (
				411A37424D50DD681B23D334 /* libPods-Relisten.a in Frameworks */,
			);
			runOnlyForDeploymentPostprocessing = 0;
		};
/* End PBXFrameworksBuildPhase section */

/* Begin PBXGroup section */
		0F0CAB0FE1DC738A7BE54E8C /* Pods */ = {
			isa = PBXGroup;
			children = (
				478CD6AE1D5F87783189B5F0 /* Pods-Relisten.debug.xcconfig */,
				2770E3F2B9EA9D6FAC108AED /* Pods-Relisten.release.xcconfig */,
			);
			name = Pods;
			sourceTree = "<group>";
		};
		C116DFA21BB09EEE006A9F6C = {
			isa = PBXGroup;
			children = (
				C116DFAD1BB09EEE006A9F6C /* Relisten */,
				D35B084755A2E6F9141E9514 /* Frameworks */,
				0F0CAB0FE1DC738A7BE54E8C /* Pods */,
				C116DFAC1BB09EEE006A9F6C /* Products */,
				C116DFB11BB09EEE006A9F6C /* Supporting Files */,
			);
			sourceTree = "<group>";
		};
		C116DFAC1BB09EEE006A9F6C /* Products */ = {
			isa = PBXGroup;
			children = (
				C116DFAB1BB09EEE006A9F6C /* Relisten.app */,
			);
			name = Products;
			sourceTree = "<group>";
		};
		C116DFAD1BB09EEE006A9F6C /* Relisten */ = {
			isa = PBXGroup;
			children = (
				C116DFAE1BB09EEE006A9F6C /* AppDelegate.h */,
				C116DFAF1BB09EEE006A9F6C /* AppDelegate.m */,
				C18AEA921BB4945F00A6D182 /* RLMainWindowController.h */,
				C18AEA931BB4945F00A6D182 /* RLMainWindowController.m */,
				C18AEA941BB4945F00A6D182 /* RLMainWindowController.xib */,
				C18AEAD31BB4E4B800A6D182 /* User Interface */,
				C18AEACE1BB4C99B00A6D182 /* API */,
				C18AEA971BB4A34A00A6D182 /* Model */,
			);
			path = Relisten;
			sourceTree = "<group>";
		};
		C116DFB11BB09EEE006A9F6C /* Supporting Files */ = {
			isa = PBXGroup;
			children = (
				C187C6921BB759CF00F1778C /* Images */,
				C116DFB41BB09EEE006A9F6C /* Assets.xcassets */,
				C116DFB91BB09EEE006A9F6C /* Info.plist */,
				C116DFB61BB09EEE006A9F6C /* MainMenu.xib */,
				C116DFB21BB09EEE006A9F6C /* main.m */,
			);
			path = "Supporting Files";
			sourceTree = "<group>";
		};
		C11FA5141BD2191000C4FDEE /* Audio Playback */ = {
			isa = PBXGroup;
			children = (
				C11FA5151BD2194000C4FDEE /* RLAudioPlaybackViewController.h */,
				C11FA5161BD2194000C4FDEE /* RLAudioPlaybackViewController.m */,
				C11FA5171BD2194000C4FDEE /* RLAudioPlaybackViewController.xib */,
				C11DC3311BF14066007152D6 /* RLPlaybackQueueCellView.h */,
				C11DC3321BF14066007152D6 /* RLPlaybackQueueCellView.m */,
				C11DC32C1BF1331E007152D6 /* RLPlaybackQueueViewController.h */,
				C11DC32D1BF1331E007152D6 /* RLPlaybackQueueViewController.m */,
				C11DC32E1BF1331E007152D6 /* RLPlaybackQueueViewController.xib */,
			);
			path = "Audio Playback";
			sourceTree = "<group>";
		};
		C171E8F51BF59A4D003B12EB /* Artists */ = {
			isa = PBXGroup;
			children = (
				C171E8FB1BF59E35003B12EB /* RLArtistTableCellView.h */,
				C171E8FC1BF59E35003B12EB /* RLArtistTableCellView.m */,
				C171E8F61BF59A83003B12EB /* RLArtistsViewController.h */,
				C171E8F71BF59A83003B12EB /* RLArtistsViewController.m */,
				C171E8F81BF59A83003B12EB /* RLArtistsViewController.xib */,
			);
			path = Artists;
			sourceTree = "<group>";
		};
		C187C6921BB759CF00F1778C /* Images */ = {
			isa = PBXGroup;
			children = (
				C187C6931BB759D900F1778C /* star.png */,
				C108359E1BD092D500A22755 /* star2.png */,
				C10835A01BD094D400A22755 /* star3.png */,
				C187C6941BB759D900F1778C /* starhighlighted.png */,
			);
			path = Images;
			sourceTree = "<group>";
		};
		C18AEA971BB4A34A00A6D182 /* Model */ = {
			isa = PBXGroup;
			children = (
				C18AEAAD1BB4A7F600A6D182 /* IGArtist.h */,
				C18AEAAE1BB4A7F600A6D182 /* IGArtist.m */,
				C18AEAAF1BB4A7F600A6D182 /* IGPlaylist.h */,
				C18AEAB01BB4A7F600A6D182 /* IGPlaylist.m */,
				C18AEAB11BB4A7F600A6D182 /* IGShow.h */,
				C18AEAB21BB4A7F600A6D182 /* IGShow.m */,
				C18AEAB31BB4A7F600A6D182 /* IGShowReview.h */,
				C18AEAB41BB4A7F600A6D182 /* IGShowReview.m */,
				C18AEAB51BB4A7F600A6D182 /* IGTrack.h */,
				C18AEAB61BB4A7F600A6D182 /* IGTrack.m */,
				C18AEABB1BB4A7F600A6D182 /* IGVenue.h */,
				C18AEABC1BB4A7F600A6D182 /* IGVenue.m */,
				C18AEABD1BB4A7F600A6D182 /* IGYear.h */,
				C18AEABE1BB4A7F600A6D182 /* IGYear.m */,
				C11B1C8B1BDF6FFD001851DE /* IguanaMediaItem.h */,
				C11B1C8C1BDF6FFD001851DE /* IguanaMediaItem.m */,
			);
			path = Model;
			sourceTree = "<group>";
		};
		C18AEACE1BB4C99B00A6D182 /* API */ = {
			isa = PBXGroup;
			children = (
				C18AEAC81BB4AFB800A6D182 /* IGAPIClient.h */,
				C18AEAC91BB4AFB800A6D182 /* IGAPIClient.m */,
				C18AEACB1BB4AFEC00A6D182 /* JSONValueTransformer+NSDateFromNSStringMilliseconds.h */,
				C18AEACC1BB4AFEC00A6D182 /* JSONValueTransformer+NSDateFromNSStringMilliseconds.m */,
			);
			path = API;
			sourceTree = "<group>";
		};
		C18AEAD31BB4E4B800A6D182 /* User Interface */ = {
			isa = PBXGroup;
			children = (
				C18AEAD41BB4E6BB00A6D182 /* RLSplitView.h */,
				C18AEAD51BB4E6BB00A6D182 /* RLSplitView.m */,
				C187C6801BB5050400F1778C /* RLTableView.h */,
				C187C6811BB5050400F1778C /* RLTableView.m */,
				C171E8FE1BF5BF6E003B12EB /* RLTableRowView.h */,
				C171E8FF1BF5BF6E003B12EB /* RLTableRowView.m */,
				C171E8F51BF59A4D003B12EB /* Artists */,
				C1AA2D791BBF3861000D75FC /* Years/Venues/Top Shows */,
				C1AA2D7A1BBF3867000D75FC /* Shows */,
				C1AA2D7B1BBF387C000D75FC /* Source & Tracks */,
				C11FA5141BD2191000C4FDEE /* Audio Playback */,
			);
			path = "User Interface";
			sourceTree = "<group>";
		};
		C1AA2D791BBF3861000D75FC /* Years/Venues/Top Shows */ = {
			isa = PBXGroup;
			children = (
				C187C67D1BB4FA7600F1778C /* RLYearTableCellView.h */,
				C187C67E1BB4FA7600F1778C /* RLYearTableCellView.m */,
				C18AEADD1BB4EB2100A6D182 /* RLYearsVenuesTopShowsViewController.h */,
				C18AEADE1BB4EB2100A6D182 /* RLYearsVenuesTopShowsViewController.m */,
				C18AEADF1BB4EB2100A6D182 /* RLYearsVenuesTopShowsViewController.xib */,
			);
			name = "Years/Venues/Top Shows";
			path = Years;
			sourceTree = "<group>";
		};
		C1AA2D7A1BBF3867000D75FC /* Shows */ = {
			isa = PBXGroup;
			children = (
				C187C68F1BB739BF00F1778C /* RLShowTableViewCell.h */,
				C187C6901BB739BF00F1778C /* RLShowTableViewCell.m */,
				C187C68A1BB735C100F1778C /* RLShowsViewController.h */,
				C187C68B1BB735C100F1778C /* RLShowsViewController.m */,
				C187C68C1BB735C100F1778C /* RLShowsViewController.xib */,
			);
			path = Shows;
			sourceTree = "<group>";
		};
		C1AA2D7B1BBF387C000D75FC /* Source & Tracks */ = {
			isa = PBXGroup;
			children = (
				C1C6F95A1BE6A22600EDF168 /* RLShowReviewCellView.h */,
				C1C6F95B1BE6A22600EDF168 /* RLShowReviewCellView.m */,
				C11B1CA51BE68C35001851DE /* RLShowReviewsViewController.h */,
				C11B1CA61BE68C35001851DE /* RLShowReviewsViewController.m */,
				C11B1CA71BE68C35001851DE /* RLShowReviewsViewController.xib */,
				C1E4518B1BBA803B003A0721 /* RLSourceAndTracksViewController.h */,
				C1E4518C1BBA803B003A0721 /* RLSourceAndTracksViewController.m */,
				C1E4518D1BBA803B003A0721 /* RLSourceAndTracksViewController.xib */,
				C15B8A1E1BBC5B3B00CB2F92 /* RLTrackTableCellView.h */,
				C15B8A1F1BBC5B3B00CB2F92 /* RLTrackTableCellView.m */,
			);
			path = "Source & Tracks";
			sourceTree = "<group>";
		};
		D35B084755A2E6F9141E9514 /* Frameworks */ = {
			isa = PBXGroup;
			children = (
				99023D004ACB7302E2D053DB /* libPods-Relisten.a */,
			);
			name = Frameworks;
			sourceTree = "<group>";
		};
/* End PBXGroup section */

/* Begin PBXNativeTarget section */
		C116DFAA1BB09EEE006A9F6C /* Relisten */ = {
			isa = PBXNativeTarget;
			buildConfigurationList = C116DFBC1BB09EEE006A9F6C /* Build configuration list for PBXNativeTarget "Relisten" */;
			buildPhases = (
				96D148DC06667DF4376D3A9D /* Check Pods Manifest.lock */,
				C116DFA71BB09EEE006A9F6C /* Sources */,
				C116DFA81BB09EEE006A9F6C /* Frameworks */,
				C116DFA91BB09EEE006A9F6C /* Resources */,
				C1213D4298368E48EF731A90 /* Copy Pods Resources */,
				90E51F7D1DD0C3A68DDDEBA2 /* Embed Pods Frameworks */,
			);
			buildRules = (
			);
			dependencies = (
			);
			name = Relisten;
			productName = Relisten;
			productReference = C116DFAB1BB09EEE006A9F6C /* Relisten.app */;
			productType = "com.apple.product-type.application";
		};
/* End PBXNativeTarget section */

/* Begin PBXProject section */
		C116DFA31BB09EEE006A9F6C /* Project object */ = {
			isa = PBXProject;
			attributes = {
				LastUpgradeCheck = 0700;
				ORGANIZATIONNAME = Relisten;
				TargetAttributes = {
					C116DFAA1BB09EEE006A9F6C = {
						CreatedOnToolsVersion = 7.0;
						DevelopmentTeam = W685T434Q5;
					};
				};
			};
			buildConfigurationList = C116DFA61BB09EEE006A9F6C /* Build configuration list for PBXProject "Relisten" */;
			compatibilityVersion = "Xcode 3.2";
			developmentRegion = English;
			hasScannedForEncodings = 0;
			knownRegions = (
				en,
				Base,
			);
			mainGroup = C116DFA21BB09EEE006A9F6C;
			productRefGroup = C116DFAC1BB09EEE006A9F6C /* Products */;
			projectDirPath = "";
			projectRoot = "";
			targets = (
				C116DFAA1BB09EEE006A9F6C /* Relisten */,
			);
		};
/* End PBXProject section */

/* Begin PBXResourcesBuildPhase section */
		C116DFA91BB09EEE006A9F6C /* Resources */ = {
			isa = PBXResourcesBuildPhase;
			buildActionMask = 2147483647;
			files = (
				C187C6961BB759D900F1778C /* starhighlighted.png in Resources */,
				C108359F1BD092D500A22755 /* star2.png in Resources */,
				C187C68E1BB735C100F1778C /* RLShowsViewController.xib in Resources */,
				C11B1CA91BE68C35001851DE /* RLShowReviewsViewController.xib in Resources */,
				C18AEA961BB4945F00A6D182 /* RLMainWindowController.xib in Resources */,
				C116DFB51BB09EEE006A9F6C /* Assets.xcassets in Resources */,
				C116DFB81BB09EEE006A9F6C /* MainMenu.xib in Resources */,
				C171E8FA1BF59A83003B12EB /* RLArtistsViewController.xib in Resources */,
				C11FA5191BD2194000C4FDEE /* RLAudioPlaybackViewController.xib in Resources */,
				C1E4518F1BBA803B003A0721 /* RLSourceAndTracksViewController.xib in Resources */,
				C10835A11BD094D400A22755 /* star3.png in Resources */,
				C18AEAE11BB4EB2100A6D182 /* RLYearsVenuesTopShowsViewController.xib in Resources */,
				C187C6951BB759D900F1778C /* star.png in Resources */,
				C11DC3301BF1331E007152D6 /* RLPlaybackQueueViewController.xib in Resources */,
			);
			runOnlyForDeploymentPostprocessing = 0;
		};
/* End PBXResourcesBuildPhase section */

/* Begin PBXShellScriptBuildPhase section */
		90E51F7D1DD0C3A68DDDEBA2 /* Embed Pods Frameworks */ = {
			isa = PBXShellScriptBuildPhase;
			buildActionMask = 2147483647;
			files = (
			);
			inputPaths = (
			);
			name = "Embed Pods Frameworks";
			outputPaths = (
			);
			runOnlyForDeploymentPostprocessing = 0;
			shellPath = /bin/sh;
			shellScript = "\"${SRCROOT}/Pods/Target Support Files/Pods-Relisten/Pods-Relisten-frameworks.sh\"\n";
			showEnvVarsInLog = 0;
		};
		96D148DC06667DF4376D3A9D /* Check Pods Manifest.lock */ = {
			isa = PBXShellScriptBuildPhase;
			buildActionMask = 2147483647;
			files = (
			);
			inputPaths = (
			);
			name = "Check Pods Manifest.lock";
			outputPaths = (
			);
			runOnlyForDeploymentPostprocessing = 0;
			shellPath = /bin/sh;
			shellScript = "diff \"${PODS_ROOT}/../Podfile.lock\" \"${PODS_ROOT}/Manifest.lock\" > /dev/null\nif [[ $? != 0 ]] ; then\n    cat << EOM\nerror: The sandbox is not in sync with the Podfile.lock. Run 'pod install' or update your CocoaPods installation.\nEOM\n    exit 1\nfi\n";
			showEnvVarsInLog = 0;
		};
		C1213D4298368E48EF731A90 /* Copy Pods Resources */ = {
			isa = PBXShellScriptBuildPhase;
			buildActionMask = 2147483647;
			files = (
			);
			inputPaths = (
			);
			name = "Copy Pods Resources";
			outputPaths = (
			);
			runOnlyForDeploymentPostprocessing = 0;
			shellPath = /bin/sh;
			shellScript = "\"${SRCROOT}/Pods/Target Support Files/Pods-Relisten/Pods-Relisten-resources.sh\"\n";
			showEnvVarsInLog = 0;
		};
/* End PBXShellScriptBuildPhase section */

/* Begin PBXSourcesBuildPhase section */
		C116DFA71BB09EEE006A9F6C /* Sources */ = {
			isa = PBXSourcesBuildPhase;
			buildActionMask = 2147483647;
			files = (
				C18AEAC71BB4A7F600A6D182 /* IGYear.m in Sources */,
				C18AEAE01BB4EB2100A6D182 /* RLYearsVenuesTopShowsViewController.m in Sources */,
				C187C67F1BB4FA7600F1778C /* RLYearTableCellView.m in Sources */,
				C11DC32F1BF1331E007152D6 /* RLPlaybackQueueViewController.m in Sources */,
				C18AEAC11BB4A7F600A6D182 /* IGShow.m in Sources */,
				C18AEAC31BB4A7F600A6D182 /* IGTrack.m in Sources */,
				C18AEAC61BB4A7F600A6D182 /* IGVenue.m in Sources */,
				C171E9001BF5BF6E003B12EB /* RLTableRowView.m in Sources */,
				C18AEABF1BB4A7F600A6D182 /* IGArtist.m in Sources */,
				C18AEAC21BB4A7F600A6D182 /* IGShowReview.m in Sources */,
				C116DFB31BB09EEE006A9F6C /* main.m in Sources */,
				C187C6911BB739BF00F1778C /* RLShowTableViewCell.m in Sources */,
				C171E8FD1BF59E35003B12EB /* RLArtistTableCellView.m in Sources */,
				C171E8F91BF59A83003B12EB /* RLArtistsViewController.m in Sources */,
				C187C68D1BB735C100F1778C /* RLShowsViewController.m in Sources */,
				C1E4518E1BBA803B003A0721 /* RLSourceAndTracksViewController.m in Sources */,
				C1C6F95C1BE6A22600EDF168 /* RLShowReviewCellView.m in Sources */,
				C18AEACA1BB4AFB800A6D182 /* IGAPIClient.m in Sources */,
				C187C6821BB5050400F1778C /* RLTableView.m in Sources */,
				C15B8A201BBC5B3B00CB2F92 /* RLTrackTableCellView.m in Sources */,
				C116DFB01BB09EEE006A9F6C /* AppDelegate.m in Sources */,
				C18AEAC01BB4A7F600A6D182 /* IGPlaylist.m in Sources */,
				C11DC3331BF14066007152D6 /* RLPlaybackQueueCellView.m in Sources */,
				C11B1C8D1BDF6FFD001851DE /* IguanaMediaItem.m in Sources */,
				C11B1CA81BE68C35001851DE /* RLShowReviewsViewController.m in Sources */,
				C18AEAD61BB4E6BB00A6D182 /* RLSplitView.m in Sources */,
				C18AEACD1BB4AFEC00A6D182 /* JSONValueTransformer+NSDateFromNSStringMilliseconds.m in Sources */,
				C11FA5181BD2194000C4FDEE /* RLAudioPlaybackViewController.m in Sources */,
				C18AEA951BB4945F00A6D182 /* RLMainWindowController.m in Sources */,
			);
			runOnlyForDeploymentPostprocessing = 0;
		};
/* End PBXSourcesBuildPhase section */

/* Begin PBXVariantGroup section */
		C116DFB61BB09EEE006A9F6C /* MainMenu.xib */ = {
			isa = PBXVariantGroup;
			children = (
				C116DFB71BB09EEE006A9F6C /* Base */,
			);
			name = MainMenu.xib;
			path = .;
			sourceTree = "<group>";
		};
/* End PBXVariantGroup section */

/* Begin XCBuildConfiguration section */
		C116DFBA1BB09EEE006A9F6C /* Debug */ = {
			isa = XCBuildConfiguration;
			buildSettings = {
				ALWAYS_SEARCH_USER_PATHS = NO;
				CLANG_CXX_LANGUAGE_STANDARD = "gnu++0x";
				CLANG_CXX_LIBRARY = "libc++";
				CLANG_ENABLE_MODULES = YES;
				CLANG_ENABLE_OBJC_ARC = YES;
				CLANG_WARN_BOOL_CONVERSION = YES;
				CLANG_WARN_CONSTANT_CONVERSION = YES;
				CLANG_WARN_DIRECT_OBJC_ISA_USAGE = YES_ERROR;
				CLANG_WARN_EMPTY_BODY = YES;
				CLANG_WARN_ENUM_CONVERSION = YES;
				CLANG_WARN_INT_CONVERSION = YES;
				CLANG_WARN_OBJC_ROOT_CLASS = YES_ERROR;
				CLANG_WARN_UNREACHABLE_CODE = YES;
				CLANG_WARN__DUPLICATE_METHOD_MATCH = YES;
				CODE_SIGN_IDENTITY = "-";
				COPY_PHASE_STRIP = NO;
				DEBUG_INFORMATION_FORMAT = dwarf;
				ENABLE_STRICT_OBJC_MSGSEND = YES;
				ENABLE_TESTABILITY = YES;
				GCC_C_LANGUAGE_STANDARD = gnu99;
				GCC_DYNAMIC_NO_PIC = NO;
				GCC_NO_COMMON_BLOCKS = YES;
				GCC_OPTIMIZATION_LEVEL = 0;
				GCC_PREPROCESSOR_DEFINITIONS = (
					"DEBUG=1",
					"$(inherited)",
				);
				GCC_WARN_64_TO_32_BIT_CONVERSION = YES;
				GCC_WARN_ABOUT_RETURN_TYPE = YES_ERROR;
				GCC_WARN_UNDECLARED_SELECTOR = YES;
				GCC_WARN_UNINITIALIZED_AUTOS = YES_AGGRESSIVE;
				GCC_WARN_UNUSED_FUNCTION = YES;
				GCC_WARN_UNUSED_VARIABLE = YES;
				MACOSX_DEPLOYMENT_TARGET = 10.10;
				MTL_ENABLE_DEBUG_INFO = YES;
				ONLY_ACTIVE_ARCH = YES;
				SDKROOT = macosx;
			};
			name = Debug;
		};
		C116DFBB1BB09EEE006A9F6C /* Release */ = {
			isa = XCBuildConfiguration;
			buildSettings = {
				ALWAYS_SEARCH_USER_PATHS = NO;
				CLANG_CXX_LANGUAGE_STANDARD = "gnu++0x";
				CLANG_CXX_LIBRARY = "libc++";
				CLANG_ENABLE_MODULES = YES;
				CLANG_ENABLE_OBJC_ARC = YES;
				CLANG_WARN_BOOL_CONVERSION = YES;
				CLANG_WARN_CONSTANT_CONVERSION = YES;
				CLANG_WARN_DIRECT_OBJC_ISA_USAGE = YES_ERROR;
				CLANG_WARN_EMPTY_BODY = YES;
				CLANG_WARN_ENUM_CONVERSION = YES;
				CLANG_WARN_INT_CONVERSION = YES;
				CLANG_WARN_OBJC_ROOT_CLASS = YES_ERROR;
				CLANG_WARN_UNREACHABLE_CODE = YES;
				CLANG_WARN__DUPLICATE_METHOD_MATCH = YES;
				CODE_SIGN_IDENTITY = "-";
				COPY_PHASE_STRIP = NO;
				DEBUG_INFORMATION_FORMAT = "dwarf-with-dsym";
				ENABLE_NS_ASSERTIONS = NO;
				ENABLE_STRICT_OBJC_MSGSEND = YES;
				GCC_C_LANGUAGE_STANDARD = gnu99;
				GCC_NO_COMMON_BLOCKS = YES;
				GCC_WARN_64_TO_32_BIT_CONVERSION = YES;
				GCC_WARN_ABOUT_RETURN_TYPE = YES_ERROR;
				GCC_WARN_UNDECLARED_SELECTOR = YES;
				GCC_WARN_UNINITIALIZED_AUTOS = YES_AGGRESSIVE;
				GCC_WARN_UNUSED_FUNCTION = YES;
				GCC_WARN_UNUSED_VARIABLE = YES;
				MACOSX_DEPLOYMENT_TARGET = 10.10;
				MTL_ENABLE_DEBUG_INFO = NO;
				SDKROOT = macosx;
			};
			name = Release;
		};
		C116DFBD1BB09EEE006A9F6C /* Debug */ = {
			isa = XCBuildConfiguration;
			baseConfigurationReference = 478CD6AE1D5F87783189B5F0 /* Pods-Relisten.debug.xcconfig */;
			buildSettings = {
				ASSETCATALOG_COMPILER_APPICON_NAME = AppIcon;
				CODE_SIGN_IDENTITY = "Mac Developer";
				"CODE_SIGN_IDENTITY[sdk=macosx*]" = "Mac Developer";
				COMBINE_HIDPI_IMAGES = YES;
				INFOPLIST_FILE = "Supporting Files/Info.plist";
				LD_RUNPATH_SEARCH_PATHS = "$(inherited) @executable_path/../Frameworks";
				MACOSX_DEPLOYMENT_TARGET = 10.10;
				PRODUCT_BUNDLE_IDENTIFIER = net.relisten.osx.Relisten;
				PRODUCT_NAME = "$(TARGET_NAME)";
				PROVISIONING_PROFILE = "";
			};
			name = Debug;
		};
		C116DFBE1BB09EEE006A9F6C /* Release */ = {
			isa = XCBuildConfiguration;
			baseConfigurationReference = 2770E3F2B9EA9D6FAC108AED /* Pods-Relisten.release.xcconfig */;
			buildSettings = {
				ASSETCATALOG_COMPILER_APPICON_NAME = AppIcon;
				CODE_SIGN_IDENTITY = "Mac Developer";
				"CODE_SIGN_IDENTITY[sdk=macosx*]" = "Mac Developer";
				COMBINE_HIDPI_IMAGES = YES;
				INFOPLIST_FILE = "Supporting Files/Info.plist";
				LD_RUNPATH_SEARCH_PATHS = "$(inherited) @executable_path/../Frameworks";
				MACOSX_DEPLOYMENT_TARGET = 10.10;
				PRODUCT_BUNDLE_IDENTIFIER = net.relisten.osx.Relisten;
				PRODUCT_NAME = "$(TARGET_NAME)";
				PROVISIONING_PROFILE = "";
			};
			name = Release;
		};
/* End XCBuildConfiguration section */

/* Begin XCConfigurationList section */
		C116DFA61BB09EEE006A9F6C /* Build configuration list for PBXProject "Relisten" */ = {
			isa = XCConfigurationList;
			buildConfigurations = (
				C116DFBA1BB09EEE006A9F6C /* Debug */,
				C116DFBB1BB09EEE006A9F6C /* Release */,
			);
			defaultConfigurationIsVisible = 0;
			defaultConfigurationName = Release;
		};
		C116DFBC1BB09EEE006A9F6C /* Build configuration list for PBXNativeTarget "Relisten" */ = {
			isa = XCConfigurationList;
			buildConfigurations = (
				C116DFBD1BB09EEE006A9F6C /* Debug */,
				C116DFBE1BB09EEE006A9F6C /* Release */,
			);
			defaultConfigurationIsVisible = 0;
			defaultConfigurationName = Release;
		};
/* End XCConfigurationList section */
	};
	rootObject = C116DFA31BB09EEE006A9F6C /* Project object */;
}
